# THIS IS AN AUTOGENERATED FILE. DO NOT EDIT THIS FILE DIRECTLY.
# yarn lockfile v1


"@types/accepts@*":
  version "1.3.5"
  resolved "https://registry.yarnpkg.com/@types/accepts/-/accepts-1.3.5.tgz#c34bec115cfc746e04fe5a059df4ce7e7b391575"
  integrity sha512-jOdnI/3qTpHABjM5cx1Hc0sKsPoYCp+DP/GJRGtDlPd7fiV9oXGGIcjW/ZOxLIvjGz8MA+uMZI9metHlgqbgwQ==
  dependencies:
    "@types/node" "*"

"@types/body-parser@*":
  version "1.17.0"
  resolved "https://registry.yarnpkg.com/@types/body-parser/-/body-parser-1.17.0.tgz#9f5c9d9bd04bb54be32d5eb9fc0d8c974e6cf58c"
  integrity sha512-a2+YeUjPkztKJu5aIF2yArYFQQp8d51wZ7DavSHjFuY1mqVgidGyzEQ41JIVNy82fXj8yPgy2vJmfIywgESW6w==
  dependencies:
    "@types/connect" "*"
    "@types/node" "*"

"@types/connect@*":
  version "3.4.32"
  resolved "https://registry.yarnpkg.com/@types/connect/-/connect-3.4.32.tgz#aa0e9616b9435ccad02bc52b5b454ffc2c70ba28"
  integrity sha512-4r8qa0quOvh7lGD0pre62CAb1oni1OO6ecJLGCezTmhQ8Fz50Arx9RUszryR8KlgK6avuSXvviL6yWyViQABOg==
  dependencies:
    "@types/node" "*"

"@types/cookies@*":
  version "0.7.2"
  resolved "https://registry.yarnpkg.com/@types/cookies/-/cookies-0.7.2.tgz#5e0560d46ed9998082dce799af1058dd6a49780a"
  integrity sha512-jnihWgshWystcJKrz8C9hV+Ot9lqOUyAh2RF+o3BEo6K6AS2l4zYCb9GYaBuZ3C6Il59uIGqpE3HvCun4KKeJA==
  dependencies:
    "@types/connect" "*"
    "@types/express" "*"
    "@types/keygrip" "*"
    "@types/node" "*"

"@types/express-serve-static-core@*":
  version "4.16.3"
  resolved "https://registry.yarnpkg.com/@types/express-serve-static-core/-/express-serve-static-core-4.16.3.tgz#49d9cea50e801f8bf757702060752fe65f169ba7"
  integrity sha512-HFgBmRDTvdnrRFXqBr2NM2NUCu6fIpzJsUTlRVENF8lxvstof7cl9Fxfwq5S0kJbO/FsPVcjlxpOM3ZxIkn7Rw==
  dependencies:
    "@types/node" "*"
    "@types/range-parser" "*"

"@types/express@*":
  version "4.16.1"
  resolved "https://registry.yarnpkg.com/@types/express/-/express-4.16.1.tgz#d756bd1a85c34d87eaf44c888bad27ba8a4b7cf0"
  integrity sha512-V0clmJow23WeyblmACoxbHBu2JKlE5TiIme6Lem14FnPW9gsttyHtk6wq7njcdIWH1njAaFgR8gW09lgY98gQg==
  dependencies:
    "@types/body-parser" "*"
    "@types/express-serve-static-core" "*"
    "@types/serve-static" "*"

"@types/highlight.js@^9.12.3":
  version "9.12.3"
  resolved "https://registry.yarnpkg.com/@types/highlight.js/-/highlight.js-9.12.3.tgz#b672cfaac25cbbc634a0fd92c515f66faa18dbca"
  integrity sha512-pGF/zvYOACZ/gLGWdQH8zSwteQS1epp68yRcVLJMgUck/MjEn/FBYmPub9pXT8C1e4a8YZfHo1CKyV8q1vKUnQ==

"@types/http-assert@*":
  version "1.4.0"
  resolved "https://registry.yarnpkg.com/@types/http-assert/-/http-assert-1.4.0.tgz#41d173466e396e99a14d75f7160cc997f2f9ed8b"
  integrity sha512-TZDqvFW4nQwL9DVSNJIJu4lPLttKgzRF58COa7Vs42Ki/MrhIqUbeIw0MWn4kGLiZLXB7oCBibm7nkSjPkzfKQ==

"@types/keygrip@*":
  version "1.0.1"
  resolved "https://registry.yarnpkg.com/@types/keygrip/-/keygrip-1.0.1.tgz#ff540462d2fb4d0a88441ceaf27d287b01c3d878"
  integrity sha1-/1QEYtL7TQqIRBzq8n0oewHD2Hg=

"@types/koa-bodyparser@^4.2.2":
  version "4.2.2"
  resolved "https://registry.yarnpkg.com/@types/koa-bodyparser/-/koa-bodyparser-4.2.2.tgz#7066e2871fbc4f15571c34e68ca587f5acc95d28"
  integrity sha512-liOoUnpv7V+NX46kAqYDh503t0PI0NFjALn+L8IAlS/mdwOAg9jJoso88mN22MaWt7hLdQ+Z/MMwb9RglhEAcQ==
  dependencies:
    "@types/koa" "*"

"@types/koa-compose@*":
  version "3.2.3"
  resolved "https://registry.yarnpkg.com/@types/koa-compose/-/koa-compose-3.2.3.tgz#4e2981f7bc4ce0f4797219516a91bf6ff3a70fa1"
  integrity sha512-kXvR0DPyZ3gaFxZs4WycA8lpzlPGtFmwdbgce+NWd+TG3PycPO3o5FkePH60HoBPd8BBaSiw3vhtgM42O2kQcg==
  dependencies:
    "@types/koa" "*"

"@types/koa-cors@^0.0.0":
  version "0.0.0"
  resolved "https://registry.yarnpkg.com/@types/koa-cors/-/koa-cors-0.0.0.tgz#7a0ef45acfed1ef6c046d5896e3974261d8a9d37"
  integrity sha512-bqWPbf/MNHx5rwOdQXEkQxL7/DvD1sMQRC+PUDqnYf/i4WPUeLhePRssexznT9uQSNWhtfFi1lDanoY/srFb5g==
  dependencies:
    "@types/koa" "*"

"@types/koa-router@^7.0.40":
  version "7.0.40"
  resolved "https://registry.yarnpkg.com/@types/koa-router/-/koa-router-7.0.40.tgz#9654dbc43375a0380c44c49c4504b4dbfc3e4e6a"
  integrity sha512-YK4+WGXch6Ig9PreZ9jlHZb2onm0S1szGw0oQxWvPhoyjSHo1Tq+CpjxMmthEUIQUc9KznOGgehFarOx8XwsFw==
  dependencies:
    "@types/koa" "*"

"@types/koa-send@*":
  version "4.1.2"
  resolved "https://registry.yarnpkg.com/@types/koa-send/-/koa-send-4.1.2.tgz#978f8267ad116d12ac6a18fecd8f34c5657e09ad"
  integrity sha512-rfqKIv9bFds39Jxvsp8o3YJLnEQVPVriYA14AuO2OY65IHh/4UX4U/iMs5L0wATpcRmm1bbe0BNk23TRwx3VQQ==
  dependencies:
    "@types/koa" "*"

"@types/koa-static@^4.0.1":
  version "4.0.1"
  resolved "https://registry.yarnpkg.com/@types/koa-static/-/koa-static-4.0.1.tgz#b740d80a549b0a0a7a3b38918daecde88a7a50ec"
  integrity sha512-SSpct5fEcAeRkBHa3RiwCIRfDHcD1cZRhwRF///ZfvRt8KhoqRrhK6wpDlYPk/vWHVFE9hPGqh68bhzsHkir4w==
  dependencies:
    "@types/koa" "*"
    "@types/koa-send" "*"

"@types/koa-views@^2.0.3":
  version "2.0.3"
  resolved "https://registry.yarnpkg.com/@types/koa-views/-/koa-views-2.0.3.tgz#38fc1f3027503acba73a93fe06678813f306779b"
  integrity sha512-XLn//7qUUz2U9ZKXyHPwVIcQbZcW3phYTFXHGa1eW5BN88bi8n2fegvwJ+TokL2jRmRqBWwMB5p7Aab9iq1sZw==
  dependencies:
    "@types/koa" "*"

"@types/koa@*", "@types/koa@^2.0.48":
  version "2.0.48"
  resolved "https://registry.yarnpkg.com/@types/koa/-/koa-2.0.48.tgz#29162783029d3e5df8b58c55f6bf0d35f78fc39f"
  integrity sha512-CiIUYhHlOFJhSCTmsFoFkV2t9ij1JwW26nt0W9XZoWTvmAw6zTE0+k3IAoGICtjzIfhZpZcO323NHmI1LGmdDw==
  dependencies:
    "@types/accepts" "*"
    "@types/cookies" "*"
    "@types/http-assert" "*"
    "@types/keygrip" "*"
    "@types/koa-compose" "*"
    "@types/node" "*"

"@types/marked@^0.6.5":
  version "0.6.5"
  resolved "https://registry.yarnpkg.com/@types/marked/-/marked-0.6.5.tgz#3cf2a56ef615dad24aaf99784ef90a9eba4e29d8"
  integrity sha512-6kBKf64aVfx93UJrcyEZ+OBM5nGv4RLsI6sR1Ar34bpgvGVRoyTgpxn4ZmtxOM5aDTAaaznYuYUH8bUX3Nk3YA==

"@types/mime@*":
  version "2.0.1"
  resolved "https://registry.yarnpkg.com/@types/mime/-/mime-2.0.1.tgz#dc488842312a7f075149312905b5e3c0b054c79d"
  integrity sha512-FwI9gX75FgVBJ7ywgnq/P7tw+/o1GUbtP0KzbtusLigAOgIgNISRK0ZPl4qertvXSIE8YbsVJueQ90cDt9YYyw==

"@types/node@*", "@types/node@^11.13.7":
  version "11.13.7"
  resolved "https://registry.yarnpkg.com/@types/node/-/node-11.13.7.tgz#85dbb71c510442d00c0631f99dae957ce44fd104"
  integrity sha512-suFHr6hcA9mp8vFrZTgrmqW2ZU3mbWsryQtQlY/QvwTISCw7nw/j+bCQPPohqmskhmqa5wLNuMHTTsc+xf1MQg==

"@types/range-parser@*":
  version "1.2.3"
  resolved "https://registry.yarnpkg.com/@types/range-parser/-/range-parser-1.2.3.tgz#7ee330ba7caafb98090bece86a5ee44115904c2c"
  integrity sha512-ewFXqrQHlFsgc09MK5jP5iR7vumV/BYayNC6PgJO2LPe8vrnNFyjQjSppfEngITi0qvfKtzFvgKymGheFM9UOA==

"@types/serve-static@*":
  version "1.13.2"
  resolved "https://registry.yarnpkg.com/@types/serve-static/-/serve-static-1.13.2.tgz#f5ac4d7a6420a99a6a45af4719f4dcd8cd907a48"
  integrity sha512-/BZ4QRLpH/bNYgZgwhKEh+5AsboDBcUdlBYgzoLX0fpj3Y2gp6EApyOlM3bK53wQS/OE1SrdSYBAbux2D1528Q==
  dependencies:
    "@types/express-serve-static-core" "*"
    "@types/mime" "*"

commander@^2.20.0:
  version "2.20.0"
  resolved "https://registry.yarnpkg.com/commander/-/commander-2.20.0.tgz#d58bb2b5c1ee8f87b0d340027e9e94e222c5a422"
  integrity sha512-7j2y+40w61zy6YC2iRNpUe/NwhNyoXrYpHMrSunaMG64nRnaf96zO/KMQR4OyN/UnE5KLyEBnKHd4aG3rskjpQ==

highlight.js@^9.15.6:
  version "9.15.6"
  resolved "https://registry.yarnpkg.com/highlight.js/-/highlight.js-9.15.6.tgz#72d4d8d779ec066af9a17cb14360c3def0aa57c4"
  integrity sha512-zozTAWM1D6sozHo8kqhfYgsac+B+q0PmsjXeyDrYIHHcBN0zTVT66+s2GW1GZv7DbyaROdLXKdabwS/WqPyIdQ==

marked-ts@^1.0.0-beta.4:
  version "1.0.0-beta.4"
  resolved "https://registry.yarnpkg.com/marked-ts/-/marked-ts-1.0.0-beta.4.tgz#94f76e1746d17a894018d6212b0c865bb31a9ffa"
  integrity sha512-Fbddb1zRybfQkpZ19QgBlggB4ALlaDnVlF0uP6oaCPgFCNvsVlhnWrSxoqKsZtIdlhbwmSt4VWuq2OfdH1GNng==
  optionalDependencies:
    typescript "^2.6.2"

typescript@^2.6.2:
  version "2.9.2"
  resolved "https://registry.yarnpkg.com/typescript/-/typescript-2.9.2.tgz#1cbf61d05d6b96269244eb6a3bce4bd914e0f00c"
  integrity sha512-Gr4p6nFNaoufRIY4NMdpQRNmgxVIGMs4Fcu/ujdYk3nAZqk7supzBE9idmvfZIlH/Cuj//dvi+019qEue9lV0w==
